
Microsoft Visual Studio Solution File, Format Version 11.00
# Visual Studio 2010
# SharpDevelop 4.4
Project("{FD48973F-F585-4F70-812B-4D0503B36CE9}") = "Pg153SalaryCalc", "Pg153SalaryCalc\Pg153SalaryCalc.pyproj", "{DEC5E87D-4EF0-4CF4-B7F9-36340156294B}"
EndProject
Global
	GlobalSection(SolutionConfigurationPlatforms) = preSolution
		Debug|Any CPU = Debug|Any CPU
		Release|Any CPU = Release|Any CPU
	EndGlobalSection
	GlobalSection(ProjectConfigurationPlatforms) = postSolution
		{DEC5E87D-4EF0-4CF4-B7F9-36340156294B}.Debug|Any CPU.Build.0 = Debug|Any CPU
		{DEC5E87D-4EF0-4CF4-B7F9-36340156294B}.Debug|Any CPU.ActiveCfg = Debug|Any CPU
		{DEC5E87D-4EF0-4CF4-B7F9-36340156294B}.Release|Any CPU.Build.0 = Release|Any CPU
		{DEC5E87D-4EF0-4CF4-B7F9-36340156294B}.Release|Any CPU.ActiveCfg = Release|Any CPU
	EndGlobalSection
EndGlobal
