
Microsoft Visual Studio Solution File, Format Version 11.00
# Visual Studio 2010
# SharpDevelop 4.4
Project("{FD48973F-F585-4F70-812B-4D0503B36CE9}") = "DictionariesAndTuples", "DictionariesAndTuples\DictionariesAndTuples.pyproj", "{0411E0B2-BE02-4310-B080-48559C683127}"
EndProject
Global
	GlobalSection(SolutionConfigurationPlatforms) = preSolution
		Debug|Any CPU = Debug|Any CPU
		Release|Any CPU = Release|Any CPU
	EndGlobalSection
	GlobalSection(ProjectConfigurationPlatforms) = postSolution
		{0411E0B2-BE02-4310-B080-48559C683127}.Debug|Any CPU.Build.0 = Debug|Any CPU
		{0411E0B2-BE02-4310-B080-48559C683127}.Debug|Any CPU.ActiveCfg = Debug|Any CPU
		{0411E0B2-BE02-4310-B080-48559C683127}.Release|Any CPU.Build.0 = Release|Any CPU
		{0411E0B2-BE02-4310-B080-48559C683127}.Release|Any CPU.ActiveCfg = Release|Any CPU
	EndGlobalSection
EndGlobal
