
Microsoft Visual Studio Solution File, Format Version 11.00
# Visual Studio 2010
# SharpDevelop 4.4
Project("{FD48973F-F585-4F70-812B-4D0503B36CE9}") = "Your Scheldule", "Your Scheldule\Your Scheldule.pyproj", "{33C8AFE5-6056-4E0A-8FD5-D3999252A435}"
EndProject
Global
	GlobalSection(SolutionConfigurationPlatforms) = preSolution
		Debug|Any CPU = Debug|Any CPU
		Release|Any CPU = Release|Any CPU
	EndGlobalSection
	GlobalSection(ProjectConfigurationPlatforms) = postSolution
		{33C8AFE5-6056-4E0A-8FD5-D3999252A435}.Debug|Any CPU.Build.0 = Debug|Any CPU
		{33C8AFE5-6056-4E0A-8FD5-D3999252A435}.Debug|Any CPU.ActiveCfg = Debug|Any CPU
		{33C8AFE5-6056-4E0A-8FD5-D3999252A435}.Release|Any CPU.Build.0 = Release|Any CPU
		{33C8AFE5-6056-4E0A-8FD5-D3999252A435}.Release|Any CPU.ActiveCfg = Release|Any CPU
	EndGlobalSection
EndGlobal
