
Microsoft Visual Studio Solution File, Format Version 11.00
# Visual Studio 2010
# SharpDevelop 4.4
Project("{FD48973F-F585-4F70-812B-4D0503B36CE9}") = "StadiumSeating", "StadiumSeating\StadiumSeating.pyproj", "{EAC64F27-BB35-47C2-94C8-487015A01FDE}"
EndProject
Global
	GlobalSection(SolutionConfigurationPlatforms) = preSolution
		Debug|Any CPU = Debug|Any CPU
		Release|Any CPU = Release|Any CPU
	EndGlobalSection
	GlobalSection(ProjectConfigurationPlatforms) = postSolution
		{EAC64F27-BB35-47C2-94C8-487015A01FDE}.Debug|Any CPU.Build.0 = Debug|Any CPU
		{EAC64F27-BB35-47C2-94C8-487015A01FDE}.Debug|Any CPU.ActiveCfg = Debug|Any CPU
		{EAC64F27-BB35-47C2-94C8-487015A01FDE}.Release|Any CPU.Build.0 = Release|Any CPU
		{EAC64F27-BB35-47C2-94C8-487015A01FDE}.Release|Any CPU.ActiveCfg = Release|Any CPU
	EndGlobalSection
EndGlobal
