
Microsoft Visual Studio Solution File, Format Version 11.00
# Visual Studio 2010
# SharpDevelop 4.4
Project("{FD48973F-F585-4F70-812B-4D0503B36CE9}") = "Favorite Quote", "Favorite Quote\Favorite Quote.pyproj", "{7DD067BC-2720-4620-B51A-83678C7BBE52}"
EndProject
Global
	GlobalSection(SolutionConfigurationPlatforms) = preSolution
		Debug|Any CPU = Debug|Any CPU
		Release|Any CPU = Release|Any CPU
	EndGlobalSection
	GlobalSection(ProjectConfigurationPlatforms) = postSolution
		{7DD067BC-2720-4620-B51A-83678C7BBE52}.Debug|Any CPU.Build.0 = Debug|Any CPU
		{7DD067BC-2720-4620-B51A-83678C7BBE52}.Debug|Any CPU.ActiveCfg = Debug|Any CPU
		{7DD067BC-2720-4620-B51A-83678C7BBE52}.Release|Any CPU.Build.0 = Release|Any CPU
		{7DD067BC-2720-4620-B51A-83678C7BBE52}.Release|Any CPU.ActiveCfg = Release|Any CPU
	EndGlobalSection
EndGlobal
