
Microsoft Visual Studio Solution File, Format Version 11.00
# Visual Studio 2010
# SharpDevelop 4.4
Project("{FD48973F-F585-4F70-812B-4D0503B36CE9}") = "Pg269SoftwareSales", "Pg269SoftwareSales\Pg269SoftwareSales.pyproj", "{FF7EBA50-40DA-4056-AB4D-75AC71E01123}"
EndProject
Global
	GlobalSection(SolutionConfigurationPlatforms) = preSolution
		Debug|Any CPU = Debug|Any CPU
		Release|Any CPU = Release|Any CPU
	EndGlobalSection
	GlobalSection(ProjectConfigurationPlatforms) = postSolution
		{FF7EBA50-40DA-4056-AB4D-75AC71E01123}.Debug|Any CPU.Build.0 = Debug|Any CPU
		{FF7EBA50-40DA-4056-AB4D-75AC71E01123}.Debug|Any CPU.ActiveCfg = Debug|Any CPU
		{FF7EBA50-40DA-4056-AB4D-75AC71E01123}.Release|Any CPU.Build.0 = Release|Any CPU
		{FF7EBA50-40DA-4056-AB4D-75AC71E01123}.Release|Any CPU.ActiveCfg = Release|Any CPU
	EndGlobalSection
EndGlobal
