
Microsoft Visual Studio Solution File, Format Version 11.00
# Visual Studio 2010
# SharpDevelop 4.4
Project("{FD48973F-F585-4F70-812B-4D0503B36CE9}") = "Prog 122a", "Prog 122a\Prog 122a.pyproj", "{2B180FD9-A4F8-4F8C-B25B-CA105E06B232}"
EndProject
Global
	GlobalSection(SolutionConfigurationPlatforms) = preSolution
		Debug|Any CPU = Debug|Any CPU
		Release|Any CPU = Release|Any CPU
	EndGlobalSection
	GlobalSection(ProjectConfigurationPlatforms) = postSolution
		{2B180FD9-A4F8-4F8C-B25B-CA105E06B232}.Debug|Any CPU.Build.0 = Debug|Any CPU
		{2B180FD9-A4F8-4F8C-B25B-CA105E06B232}.Debug|Any CPU.ActiveCfg = Debug|Any CPU
		{2B180FD9-A4F8-4F8C-B25B-CA105E06B232}.Release|Any CPU.Build.0 = Release|Any CPU
		{2B180FD9-A4F8-4F8C-B25B-CA105E06B232}.Release|Any CPU.ActiveCfg = Release|Any CPU
	EndGlobalSection
EndGlobal
