
Microsoft Visual Studio Solution File, Format Version 11.00
# Visual Studio 2010
# SharpDevelop 4.4
Project("{FD48973F-F585-4F70-812B-4D0503B36CE9}") = "Lang54b", "Lang54b\Lang54b.pyproj", "{B488E7FC-4040-47B6-B88B-9F43F1EDFAEC}"
EndProject
Global
	GlobalSection(SolutionConfigurationPlatforms) = preSolution
		Debug|Any CPU = Debug|Any CPU
		Release|Any CPU = Release|Any CPU
	EndGlobalSection
	GlobalSection(ProjectConfigurationPlatforms) = postSolution
		{B488E7FC-4040-47B6-B88B-9F43F1EDFAEC}.Debug|Any CPU.Build.0 = Debug|Any CPU
		{B488E7FC-4040-47B6-B88B-9F43F1EDFAEC}.Debug|Any CPU.ActiveCfg = Debug|Any CPU
		{B488E7FC-4040-47B6-B88B-9F43F1EDFAEC}.Release|Any CPU.Build.0 = Release|Any CPU
		{B488E7FC-4040-47B6-B88B-9F43F1EDFAEC}.Release|Any CPU.ActiveCfg = Release|Any CPU
	EndGlobalSection
EndGlobal
